{
  "object": {
    "pins": [
      {
        "package": "Starscream",
        "repositoryURL": "https://github.com/ShubhGar/Starscream",
        "state": {
          "branch": "Fix/SPM",
          "revision": "12202be2d18098d2c29e1433a921675f35522a20",
          "version": null
        }
      }
    ]
  },
  "version": 1
}
